
Microsoft Visual Studio Solution File, Format Version 12.00
# Visual Studio Version 16
VisualStudioVersion = 16.0.28917.181
MinimumVisualStudioVersion = 10.0.40219.1
Project("{FAE04EC0-301F-11D3-BF4B-00C04F79EFBC}") = "Jenkin_MVC_Dev_Demo", "Jenkin_MVC_Dev_Demo\Jenkin_MVC_Dev_Demo.csproj", "{45042B5B-485A-43A7-8A98-3DE16EC9D765}"
EndProject
Global
	GlobalSection(SolutionConfigurationPlatforms) = preSolution
		Debug|Any CPU = Debug|Any CPU
		Release|Any CPU = Release|Any CPU
	EndGlobalSection
	GlobalSection(ProjectConfigurationPlatforms) = postSolution
		{45042B5B-485A-43A7-8A98-3DE16EC9D765}.Debug|Any CPU.ActiveCfg = Debug|Any CPU
		{45042B5B-485A-43A7-8A98-3DE16EC9D765}.Debug|Any CPU.Build.0 = Debug|Any CPU
		{45042B5B-485A-43A7-8A98-3DE16EC9D765}.Release|Any CPU.ActiveCfg = Release|Any CPU
		{45042B5B-485A-43A7-8A98-3DE16EC9D765}.Release|Any CPU.Build.0 = Release|Any CPU
	EndGlobalSection
	GlobalSection(SolutionProperties) = preSolution
		HideSolutionNode = FALSE
	EndGlobalSection
	GlobalSection(ExtensibilityGlobals) = postSolution
		SolutionGuid = {74972790-E1BF-4160-96D1-8A558D27112F}
	EndGlobalSection
EndGlobal
